// !$*UTF8*$!
{
	archiveVersion = 1;
	classes = {
	};
	objectVersion = 50;
	objects = {

/* Begin PBXBuildFile section */
		22445507251E63E7005A5816 /* Edge.swift in Sources */ = {isa = PBXBuildFile; fileRef = 22445506251E63E7005A5816 /* Edge.swift */; };
		2244550C251E6BAA005A5816 /* BinaryTree.swift in Sources */ = {isa = PBXBuildFile; fileRef = 2244550B251E6BAA005A5816 /* BinaryTree.swift */; };
		2244550F251E7184005A5816 /* TestView.swift in Sources */ = {isa = PBXBuildFile; fileRef = 2244550E251E7183005A5816 /* TestView.swift */; };
		22484FC22530DE5C008E96C8 /* AlgorithmItemProtocol.swift in Sources */ = {isa = PBXBuildFile; fileRef = 22484FC12530DE5C008E96C8 /* AlgorithmItemProtocol.swift */; };
		225C8EAE251EC1BF0098D3F3 /* TestView2.swift in Sources */ = {isa = PBXBuildFile; fileRef = 225C8EAD251EC1BF0098D3F3 /* TestView2.swift */; };
		2260563E251921AF0041D0F0 /* TreeNode.swift in Sources */ = {isa = PBXBuildFile; fileRef = 2260563D251921AF0041D0F0 /* TreeNode.swift */; };
		22605642251922150041D0F0 /* Node.swift in Sources */ = {isa = PBXBuildFile; fileRef = 22605641251922150041D0F0 /* Node.swift */; };
		22605645251926440041D0F0 /* TreeDiagram.swift in Sources */ = {isa = PBXBuildFile; fileRef = 22605644251926440041D0F0 /* TreeDiagram.swift */; };
		2299EC31251501DF00E20149 /* AlgorithmDetail.swift in Sources */ = {isa = PBXBuildFile; fileRef = 2299EC30251501DF00E20149 /* AlgorithmDetail.swift */; };
		22B5ED1D2530FBD900B73D63 /* ProblemsMain.swift in Sources */ = {isa = PBXBuildFile; fileRef = 22B5ED1C2530FBD900B73D63 /* ProblemsMain.swift */; };
		22B5ED212530FE7000B73D63 /* Helpers.swift in Sources */ = {isa = PBXBuildFile; fileRef = 22B5ED202530FE7000B73D63 /* Helpers.swift */; };
		22BB1D302519720C0084399B /* TreeContentView.swift in Sources */ = {isa = PBXBuildFile; fileRef = 22BB1D2F2519720C0084399B /* TreeContentView.swift */; };
		22BB1D38251ADC8F0084399B /* EdgeView.swift in Sources */ = {isa = PBXBuildFile; fileRef = 22BB1D37251ADC8F0084399B /* EdgeView.swift */; };
		22BB1D3B251AE1450084399B /* Constants.swift in Sources */ = {isa = PBXBuildFile; fileRef = 22BB1D3A251AE1450084399B /* Constants.swift */; };
		22BB2DCC24AA91020064948C /* AppDelegate.swift in Sources */ = {isa = PBXBuildFile; fileRef = 22BB2DCB24AA91020064948C /* AppDelegate.swift */; };
		22BB2DCE24AA91020064948C /* SceneDelegate.swift in Sources */ = {isa = PBXBuildFile; fileRef = 22BB2DCD24AA91020064948C /* SceneDelegate.swift */; };
		22BB2DD024AA91020064948C /* TopView.swift in Sources */ = {isa = PBXBuildFile; fileRef = 22BB2DCF24AA91020064948C /* TopView.swift */; };
		22BB2DD224AA91050064948C /* Assets.xcassets in Resources */ = {isa = PBXBuildFile; fileRef = 22BB2DD124AA91050064948C /* Assets.xcassets */; };
		22BB2DD524AA91050064948C /* Preview Assets.xcassets in Resources */ = {isa = PBXBuildFile; fileRef = 22BB2DD424AA91050064948C /* Preview Assets.xcassets */; };
		22BB2DD824AA91050064948C /* LaunchScreen.storyboard in Resources */ = {isa = PBXBuildFile; fileRef = 22BB2DD624AA91050064948C /* LaunchScreen.storyboard */; };
		22BB2DE024AA9B380064948C /* MeetingsMerge.swift in Sources */ = {isa = PBXBuildFile; fileRef = 22BB2DDF24AA9B380064948C /* MeetingsMerge.swift */; };
		22BB2DE224AA9B7B0064948C /* Algorithms.swift in Sources */ = {isa = PBXBuildFile; fileRef = 22BB2DE124AA9B7B0064948C /* Algorithms.swift */; };
		22EAB894251BC1BB001C0120 /* AlgorithmsMainView.swift in Sources */ = {isa = PBXBuildFile; fileRef = 22EAB893251BC1BB001C0120 /* AlgorithmsMainView.swift */; };
		22EAB897251BC39F001C0120 /* DataStructuresMainView.swift in Sources */ = {isa = PBXBuildFile; fileRef = 22EAB896251BC39F001C0120 /* DataStructuresMainView.swift */; };
		22EAB89B251BC51B001C0120 /* TreeNodeView.swift in Sources */ = {isa = PBXBuildFile; fileRef = 22EAB89A251BC51B001C0120 /* TreeNodeView.swift */; };
		22EAB8A0251BC7AF001C0120 /* BinaryTreeNode.swift in Sources */ = {isa = PBXBuildFile; fileRef = 22EAB89F251BC7AF001C0120 /* BinaryTreeNode.swift */; };
/* End PBXBuildFile section */

/* Begin PBXFileReference section */
		22445506251E63E7005A5816 /* Edge.swift */ = {isa = PBXFileReference; lastKnownFileType = sourcecode.swift; path = Edge.swift; sourceTree = "<group>"; };
		2244550B251E6BAA005A5816 /* BinaryTree.swift */ = {isa = PBXFileReference; lastKnownFileType = sourcecode.swift; path = BinaryTree.swift; sourceTree = "<group>"; };
		2244550E251E7183005A5816 /* TestView.swift */ = {isa = PBXFileReference; lastKnownFileType = sourcecode.swift; path = TestView.swift; sourceTree = "<group>"; };
		22484FC12530DE5C008E96C8 /* AlgorithmItemProtocol.swift */ = {isa = PBXFileReference; lastKnownFileType = sourcecode.swift; path = AlgorithmItemProtocol.swift; sourceTree = "<group>"; };
		225C8EAD251EC1BF0098D3F3 /* TestView2.swift */ = {isa = PBXFileReference; lastKnownFileType = sourcecode.swift; path = TestView2.swift; sourceTree = "<group>"; };
		2260563D251921AF0041D0F0 /* TreeNode.swift */ = {isa = PBXFileReference; lastKnownFileType = sourcecode.swift; path = TreeNode.swift; sourceTree = "<group>"; };
		22605641251922150041D0F0 /* Node.swift */ = {isa = PBXFileReference; lastKnownFileType = sourcecode.swift; path = Node.swift; sourceTree = "<group>"; };
		22605644251926440041D0F0 /* TreeDiagram.swift */ = {isa = PBXFileReference; lastKnownFileType = sourcecode.swift; path = TreeDiagram.swift; sourceTree = "<group>"; };
		2299EC30251501DF00E20149 /* AlgorithmDetail.swift */ = {isa = PBXFileReference; lastKnownFileType = sourcecode.swift; path = AlgorithmDetail.swift; sourceTree = "<group>"; };
		22B5ED1C2530FBD900B73D63 /* ProblemsMain.swift */ = {isa = PBXFileReference; lastKnownFileType = sourcecode.swift; path = ProblemsMain.swift; sourceTree = "<group>"; };
		22B5ED202530FE7000B73D63 /* Helpers.swift */ = {isa = PBXFileReference; lastKnownFileType = sourcecode.swift; path = Helpers.swift; sourceTree = "<group>"; };
		22BB1D2F2519720C0084399B /* TreeContentView.swift */ = {isa = PBXFileReference; lastKnownFileType = sourcecode.swift; path = TreeContentView.swift; sourceTree = "<group>"; };
		22BB1D37251ADC8F0084399B /* EdgeView.swift */ = {isa = PBXFileReference; lastKnownFileType = sourcecode.swift; path = EdgeView.swift; sourceTree = "<group>"; };
		22BB1D3A251AE1450084399B /* Constants.swift */ = {isa = PBXFileReference; lastKnownFileType = sourcecode.swift; path = Constants.swift; sourceTree = "<group>"; };
		22BB2DC824AA91020064948C /* AlgorithmDemos.app */ = {isa = PBXFileReference; explicitFileType = wrapper.application; includeInIndex = 0; path = AlgorithmDemos.app; sourceTree = BUILT_PRODUCTS_DIR; };
		22BB2DCB24AA91020064948C /* AppDelegate.swift */ = {isa = PBXFileReference; lastKnownFileType = sourcecode.swift; path = AppDelegate.swift; sourceTree = "<group>"; };
		22BB2DCD24AA91020064948C /* SceneDelegate.swift */ = {isa = PBXFileReference; lastKnownFileType = sourcecode.swift; path = SceneDelegate.swift; sourceTree = "<group>"; };
		22BB2DCF24AA91020064948C /* TopView.swift */ = {isa = PBXFileReference; lastKnownFileType = sourcecode.swift; path = TopView.swift; sourceTree = "<group>"; };
		22BB2DD124AA91050064948C /* Assets.xcassets */ = {isa = PBXFileReference; lastKnownFileType = folder.assetcatalog; path = Assets.xcassets; sourceTree = "<group>"; };
		22BB2DD424AA91050064948C /* Preview Assets.xcassets */ = {isa = PBXFileReference; lastKnownFileType = folder.assetcatalog; path = "Preview Assets.xcassets"; sourceTree = "<group>"; };
		22BB2DD724AA91050064948C /* Base */ = {isa = PBXFileReference; lastKnownFileType = file.storyboard; name = Base; path = Base.lproj/LaunchScreen.storyboard; sourceTree = "<group>"; };
		22BB2DD924AA91050064948C /* Info.plist */ = {isa = PBXFileReference; lastKnownFileType = text.plist.xml; path = Info.plist; sourceTree = "<group>"; };
		22BB2DDF24AA9B380064948C /* MeetingsMerge.swift */ = {isa = PBXFileReference; lastKnownFileType = sourcecode.swift; path = MeetingsMerge.swift; sourceTree = "<group>"; };
		22BB2DE124AA9B7B0064948C /* Algorithms.swift */ = {isa = PBXFileReference; lastKnownFileType = sourcecode.swift; path = Algorithms.swift; sourceTree = "<group>"; };
		22EAB893251BC1BB001C0120 /* AlgorithmsMainView.swift */ = {isa = PBXFileReference; lastKnownFileType = sourcecode.swift; path = AlgorithmsMainView.swift; sourceTree = "<group>"; };
		22EAB896251BC39F001C0120 /* DataStructuresMainView.swift */ = {isa = PBXFileReference; lastKnownFileType = sourcecode.swift; path = DataStructuresMainView.swift; sourceTree = "<group>"; };
		22EAB89A251BC51B001C0120 /* TreeNodeView.swift */ = {isa = PBXFileReference; lastKnownFileType = sourcecode.swift; path = TreeNodeView.swift; sourceTree = "<group>"; };
		22EAB89F251BC7AF001C0120 /* BinaryTreeNode.swift */ = {isa = PBXFileReference; lastKnownFileType = sourcecode.swift; path = BinaryTreeNode.swift; sourceTree = "<group>"; };
/* End PBXFileReference section */

/* Begin PBXFrameworksBuildPhase section */
		22BB2DC524AA91020064948C /* Frameworks */ = {
			isa = PBXFrameworksBuildPhase;
			buildActionMask = 2147483647;
			files = (
			);
			runOnlyForDeploymentPostprocessing = 0;
		};
/* End PBXFrameworksBuildPhase section */

/* Begin PBXGroup section */
		22B5ED1B2530FB7F00B73D63 /* Problems */ = {
			isa = PBXGroup;
			children = (
				22B5ED1C2530FBD900B73D63 /* ProblemsMain.swift */,
			);
			path = Problems;
			sourceTree = "<group>";
		};
		22BB1D3F251B022D0084399B /* Data_Structrures */ = {
			isa = PBXGroup;
			children = (
				2244550B251E6BAA005A5816 /* BinaryTree.swift */,
				2244550E251E7183005A5816 /* TestView.swift */,
				225C8EAD251EC1BF0098D3F3 /* TestView2.swift */,
				22EAB89F251BC7AF001C0120 /* BinaryTreeNode.swift */,
				22EAB896251BC39F001C0120 /* DataStructuresMainView.swift */,
				22445506251E63E7005A5816 /* Edge.swift */,
				22BB1D37251ADC8F0084399B /* EdgeView.swift */,
				22BB1D2F2519720C0084399B /* TreeContentView.swift */,
				22605644251926440041D0F0 /* TreeDiagram.swift */,
				2260563D251921AF0041D0F0 /* TreeNode.swift */,
				22EAB89A251BC51B001C0120 /* TreeNodeView.swift */,
			);
			path = Data_Structrures;
			sourceTree = "<group>";
		};
		22BB2DBF24AA91020064948C = {
			isa = PBXGroup;
			children = (
				22BB2DCA24AA91020064948C /* AlgorithmDemos */,
				22BB2DC924AA91020064948C /* Products */,
			);
			sourceTree = "<group>";
		};
		22BB2DC924AA91020064948C /* Products */ = {
			isa = PBXGroup;
			children = (
				22BB2DC824AA91020064948C /* AlgorithmDemos.app */,
			);
			name = Products;
			sourceTree = "<group>";
		};
		22BB2DCA24AA91020064948C /* AlgorithmDemos */ = {
			isa = PBXGroup;
			children = (
				22B5ED1B2530FB7F00B73D63 /* Problems */,
				22EAB89D251BC6AE001C0120 /* Algorithms */,
				22BB2DCB24AA91020064948C /* AppDelegate.swift */,
				22BB2DD124AA91050064948C /* Assets.xcassets */,
				22BB1D3A251AE1450084399B /* Constants.swift */,
				22BB1D3F251B022D0084399B /* Data_Structrures */,
				22BB2DD924AA91050064948C /* Info.plist */,
				22BB2DD624AA91050064948C /* LaunchScreen.storyboard */,
				22BB2DDF24AA9B380064948C /* MeetingsMerge.swift */,
				22605641251922150041D0F0 /* Node.swift */,
				22BB2DD324AA91050064948C /* Preview Content */,
				22BB2DCD24AA91020064948C /* SceneDelegate.swift */,
				22BB2DCF24AA91020064948C /* TopView.swift */,
			);
			path = AlgorithmDemos;
			sourceTree = "<group>";
		};
		22BB2DD324AA91050064948C /* Preview Content */ = {
			isa = PBXGroup;
			children = (
				22BB2DD424AA91050064948C /* Preview Assets.xcassets */,
			);
			path = "Preview Content";
			sourceTree = "<group>";
		};
		22EAB89D251BC6AE001C0120 /* Algorithms */ = {
			isa = PBXGroup;
			children = (
				22BB2DE124AA9B7B0064948C /* Algorithms.swift */,
				22B5ED202530FE7000B73D63 /* Helpers.swift */,
				22484FC12530DE5C008E96C8 /* AlgorithmItemProtocol.swift */,
				2299EC30251501DF00E20149 /* AlgorithmDetail.swift */,
				22EAB893251BC1BB001C0120 /* AlgorithmsMainView.swift */,
			);
			path = Algorithms;
			sourceTree = "<group>";
		};
/* End PBXGroup section */

/* Begin PBXNativeTarget section */
		22BB2DC724AA91020064948C /* AlgorithmDemos */ = {
			isa = PBXNativeTarget;
			buildConfigurationList = 22BB2DDC24AA91050064948C /* Build configuration list for PBXNativeTarget "AlgorithmDemos" */;
			buildPhases = (
				22BB2DC424AA91020064948C /* Sources */,
				22BB2DC524AA91020064948C /* Frameworks */,
				22BB2DC624AA91020064948C /* Resources */,
			);
			buildRules = (
			);
			dependencies = (
			);
			name = AlgorithmDemos;
			productName = AlgorithmDemos;
			productReference = 22BB2DC824AA91020064948C /* AlgorithmDemos.app */;
			productType = "com.apple.product-type.application";
		};
/* End PBXNativeTarget section */

/* Begin PBXProject section */
		22BB2DC024AA91020064948C /* Project object */ = {
			isa = PBXProject;
			attributes = {
				LastSwiftUpdateCheck = 1150;
				LastUpgradeCheck = 1200;
				ORGANIZATIONNAME = "David Rynn";
				TargetAttributes = {
					22BB2DC724AA91020064948C = {
						CreatedOnToolsVersion = 11.5;
					};
				};
			};
			buildConfigurationList = 22BB2DC324AA91020064948C /* Build configuration list for PBXProject "AlgorithmDemos" */;
			compatibilityVersion = "Xcode 9.3";
			developmentRegion = en;
			hasScannedForEncodings = 0;
			knownRegions = (
				en,
				Base,
			);
			mainGroup = 22BB2DBF24AA91020064948C;
			productRefGroup = 22BB2DC924AA91020064948C /* Products */;
			projectDirPath = "";
			projectRoot = "";
			targets = (
				22BB2DC724AA91020064948C /* AlgorithmDemos */,
			);
		};
/* End PBXProject section */

/* Begin PBXResourcesBuildPhase section */
		22BB2DC624AA91020064948C /* Resources */ = {
			isa = PBXResourcesBuildPhase;
			buildActionMask = 2147483647;
			files = (
				22BB2DD824AA91050064948C /* LaunchScreen.storyboard in Resources */,
				22BB2DD524AA91050064948C /* Preview Assets.xcassets in Resources */,
				22BB2DD224AA91050064948C /* Assets.xcassets in Resources */,
			);
			runOnlyForDeploymentPostprocessing = 0;
		};
/* End PBXResourcesBuildPhase section */

/* Begin PBXSourcesBuildPhase section */
		22BB2DC424AA91020064948C /* Sources */ = {
			isa = PBXSourcesBuildPhase;
			buildActionMask = 2147483647;
			files = (
				2260563E251921AF0041D0F0 /* TreeNode.swift in Sources */,
				22BB2DCC24AA91020064948C /* AppDelegate.swift in Sources */,
				22BB1D38251ADC8F0084399B /* EdgeView.swift in Sources */,
				22BB2DCE24AA91020064948C /* SceneDelegate.swift in Sources */,
				22605642251922150041D0F0 /* Node.swift in Sources */,
				22EAB897251BC39F001C0120 /* DataStructuresMainView.swift in Sources */,
				22EAB894251BC1BB001C0120 /* AlgorithmsMainView.swift in Sources */,
				225C8EAE251EC1BF0098D3F3 /* TestView2.swift in Sources */,
				22445507251E63E7005A5816 /* Edge.swift in Sources */,
				22BB1D302519720C0084399B /* TreeContentView.swift in Sources */,
				22BB2DE024AA9B380064948C /* MeetingsMerge.swift in Sources */,
				22BB1D3B251AE1450084399B /* Constants.swift in Sources */,
				22B5ED1D2530FBD900B73D63 /* ProblemsMain.swift in Sources */,
				22EAB8A0251BC7AF001C0120 /* BinaryTreeNode.swift in Sources */,
				22BB2DE224AA9B7B0064948C /* Algorithms.swift in Sources */,
				2299EC31251501DF00E20149 /* AlgorithmDetail.swift in Sources */,
				22B5ED212530FE7000B73D63 /* Helpers.swift in Sources */,
				2244550C251E6BAA005A5816 /* BinaryTree.swift in Sources */,
				2244550F251E7184005A5816 /* TestView.swift in Sources */,
				22BB2DD024AA91020064948C /* TopView.swift in Sources */,
				22605645251926440041D0F0 /* TreeDiagram.swift in Sources */,
				22484FC22530DE5C008E96C8 /* AlgorithmItemProtocol.swift in Sources */,
				22EAB89B251BC51B001C0120 /* TreeNodeView.swift in Sources */,
			);
			runOnlyForDeploymentPostprocessing = 0;
		};
/* End PBXSourcesBuildPhase section */

/* Begin PBXVariantGroup section */
		22BB2DD624AA91050064948C /* LaunchScreen.storyboard */ = {
			isa = PBXVariantGroup;
			children = (
				22BB2DD724AA91050064948C /* Base */,
			);
			name = LaunchScreen.storyboard;
			sourceTree = "<group>";
		};
/* End PBXVariantGroup section */

/* Begin XCBuildConfiguration section */
		22BB2DDA24AA91050064948C /* Debug */ = {
			isa = XCBuildConfiguration;
			buildSettings = {
				ALWAYS_SEARCH_USER_PATHS = NO;
				CLANG_ANALYZER_NONNULL = YES;
				CLANG_ANALYZER_NUMBER_OBJECT_CONVERSION = YES_AGGRESSIVE;
				CLANG_CXX_LANGUAGE_STANDARD = "gnu++14";
				CLANG_CXX_LIBRARY = "libc++";
				CLANG_ENABLE_MODULES = YES;
				CLANG_ENABLE_OBJC_ARC = YES;
				CLANG_ENABLE_OBJC_WEAK = YES;
				CLANG_WARN_BLOCK_CAPTURE_AUTORELEASING = YES;
				CLANG_WARN_BOOL_CONVERSION = YES;
				CLANG_WARN_COMMA = YES;
				CLANG_WARN_CONSTANT_CONVERSION = YES;
				CLANG_WARN_DEPRECATED_OBJC_IMPLEMENTATIONS = YES;
				CLANG_WARN_DIRECT_OBJC_ISA_USAGE = YES_ERROR;
				CLANG_WARN_DOCUMENTATION_COMMENTS = YES;
				CLANG_WARN_EMPTY_BODY = YES;
				CLANG_WARN_ENUM_CONVERSION = YES;
				CLANG_WARN_INFINITE_RECURSION = YES;
				CLANG_WARN_INT_CONVERSION = YES;
				CLANG_WARN_NON_LITERAL_NULL_CONVERSION = YES;
				CLANG_WARN_OBJC_IMPLICIT_RETAIN_SELF = YES;
				CLANG_WARN_OBJC_LITERAL_CONVERSION = YES;
				CLANG_WARN_OBJC_ROOT_CLASS = YES_ERROR;
				CLANG_WARN_QUOTED_INCLUDE_IN_FRAMEWORK_HEADER = YES;
				CLANG_WARN_RANGE_LOOP_ANALYSIS = YES;
				CLANG_WARN_STRICT_PROTOTYPES = YES;
				CLANG_WARN_SUSPICIOUS_MOVE = YES;
				CLANG_WARN_UNGUARDED_AVAILABILITY = YES_AGGRESSIVE;
				CLANG_WARN_UNREACHABLE_CODE = YES;
				CLANG_WARN__DUPLICATE_METHOD_MATCH = YES;
				COPY_PHASE_STRIP = NO;
				DEBUG_INFORMATION_FORMAT = dwarf;
				ENABLE_STRICT_OBJC_MSGSEND = YES;
				ENABLE_TESTABILITY = YES;
				GCC_C_LANGUAGE_STANDARD = gnu11;
				GCC_DYNAMIC_NO_PIC = NO;
				GCC_NO_COMMON_BLOCKS = YES;
				GCC_OPTIMIZATION_LEVEL = 0;
				GCC_PREPROCESSOR_DEFINITIONS = (
					"DEBUG=1",
					"$(inherited)",
				);
				GCC_WARN_64_TO_32_BIT_CONVERSION = YES;
				GCC_WARN_ABOUT_RETURN_TYPE = YES_ERROR;
				GCC_WARN_UNDECLARED_SELECTOR = YES;
				GCC_WARN_UNINITIALIZED_AUTOS = YES_AGGRESSIVE;
				GCC_WARN_UNUSED_FUNCTION = YES;
				GCC_WARN_UNUSED_VARIABLE = YES;
				IPHONEOS_DEPLOYMENT_TARGET = 13.5;
				MTL_ENABLE_DEBUG_INFO = INCLUDE_SOURCE;
				MTL_FAST_MATH = YES;
				ONLY_ACTIVE_ARCH = YES;
				SDKROOT = iphoneos;
				SWIFT_ACTIVE_COMPILATION_CONDITIONS = DEBUG;
				SWIFT_OPTIMIZATION_LEVEL = "-Onone";
			};
			name = Debug;
		};
		22BB2DDB24AA91050064948C /* Release */ = {
			isa = XCBuildConfiguration;
			buildSettings = {
				ALWAYS_SEARCH_USER_PATHS = NO;
				CLANG_ANALYZER_NONNULL = YES;
				CLANG_ANALYZER_NUMBER_OBJECT_CONVERSION = YES_AGGRESSIVE;
				CLANG_CXX_LANGUAGE_STANDARD = "gnu++14";
				CLANG_CXX_LIBRARY = "libc++";
				CLANG_ENABLE_MODULES = YES;
				CLANG_ENABLE_OBJC_ARC = YES;
				CLANG_ENABLE_OBJC_WEAK = YES;
				CLANG_WARN_BLOCK_CAPTURE_AUTORELEASING = YES;
				CLANG_WARN_BOOL_CONVERSION = YES;
				CLANG_WARN_COMMA = YES;
				CLANG_WARN_CONSTANT_CONVERSION = YES;
				CLANG_WARN_DEPRECATED_OBJC_IMPLEMENTATIONS = YES;
				CLANG_WARN_DIRECT_OBJC_ISA_USAGE = YES_ERROR;
				CLANG_WARN_DOCUMENTATION_COMMENTS = YES;
				CLANG_WARN_EMPTY_BODY = YES;
				CLANG_WARN_ENUM_CONVERSION = YES;
				CLANG_WARN_INFINITE_RECURSION = YES;
				CLANG_WARN_INT_CONVERSION = YES;
				CLANG_WARN_NON_LITERAL_NULL_CONVERSION = YES;
				CLANG_WARN_OBJC_IMPLICIT_RETAIN_SELF = YES;
				CLANG_WARN_OBJC_LITERAL_CONVERSION = YES;
				CLANG_WARN_OBJC_ROOT_CLASS = YES_ERROR;
				CLANG_WARN_QUOTED_INCLUDE_IN_FRAMEWORK_HEADER = YES;
				CLANG_WARN_RANGE_LOOP_ANALYSIS = YES;
				CLANG_WARN_STRICT_PROTOTYPES = YES;
				CLANG_WARN_SUSPICIOUS_MOVE = YES;
				CLANG_WARN_UNGUARDED_AVAILABILITY = YES_AGGRESSIVE;
				CLANG_WARN_UNREACHABLE_CODE = YES;
				CLANG_WARN__DUPLICATE_METHOD_MATCH = YES;
				COPY_PHASE_STRIP = NO;
				DEBUG_INFORMATION_FORMAT = "dwarf-with-dsym";
				ENABLE_NS_ASSERTIONS = NO;
				ENABLE_STRICT_OBJC_MSGSEND = YES;
				GCC_C_LANGUAGE_STANDARD = gnu11;
				GCC_NO_COMMON_BLOCKS = YES;
				GCC_WARN_64_TO_32_BIT_CONVERSION = YES;
				GCC_WARN_ABOUT_RETURN_TYPE = YES_ERROR;
				GCC_WARN_UNDECLARED_SELECTOR = YES;
				GCC_WARN_UNINITIALIZED_AUTOS = YES_AGGRESSIVE;
				GCC_WARN_UNUSED_FUNCTION = YES;
				GCC_WARN_UNUSED_VARIABLE = YES;
				IPHONEOS_DEPLOYMENT_TARGET = 13.5;
				MTL_ENABLE_DEBUG_INFO = NO;
				MTL_FAST_MATH = YES;
				SDKROOT = iphoneos;
				SWIFT_COMPILATION_MODE = wholemodule;
				SWIFT_OPTIMIZATION_LEVEL = "-O";
				VALIDATE_PRODUCT = YES;
			};
			name = Release;
		};
		22BB2DDD24AA91050064948C /* Debug */ = {
			isa = XCBuildConfiguration;
			buildSettings = {
				ASSETCATALOG_COMPILER_APPICON_NAME = AppIcon;
				CODE_SIGN_STYLE = Automatic;
				DEVELOPMENT_ASSET_PATHS = "\"AlgorithmDemos/Preview Content\"";
				DEVELOPMENT_TEAM = 3KR65ZULS9;
				ENABLE_PREVIEWS = YES;
				INFOPLIST_FILE = AlgorithmDemos/Info.plist;
				LD_RUNPATH_SEARCH_PATHS = (
					"$(inherited)",
					"@executable_path/Frameworks",
				);
				PRODUCT_BUNDLE_IDENTIFIER = edu.davidrynn.AlgorithmDemos;
				PRODUCT_NAME = "$(TARGET_NAME)";
				SWIFT_VERSION = 5.0;
				TARGETED_DEVICE_FAMILY = "1,2";
			};
			name = Debug;
		};
		22BB2DDE24AA91050064948C /* Release */ = {
			isa = XCBuildConfiguration;
			buildSettings = {
				ASSETCATALOG_COMPILER_APPICON_NAME = AppIcon;
				CODE_SIGN_STYLE = Automatic;
				DEVELOPMENT_ASSET_PATHS = "\"AlgorithmDemos/Preview Content\"";
				DEVELOPMENT_TEAM = 3KR65ZULS9;
				ENABLE_PREVIEWS = YES;
				INFOPLIST_FILE = AlgorithmDemos/Info.plist;
				LD_RUNPATH_SEARCH_PATHS = (
					"$(inherited)",
					"@executable_path/Frameworks",
				);
				PRODUCT_BUNDLE_IDENTIFIER = edu.davidrynn.AlgorithmDemos;
				PRODUCT_NAME = "$(TARGET_NAME)";
				SWIFT_VERSION = 5.0;
				TARGETED_DEVICE_FAMILY = "1,2";
			};
			name = Release;
		};
/* End XCBuildConfiguration section */

/* Begin XCConfigurationList section */
		22BB2DC324AA91020064948C /* Build configuration list for PBXProject "AlgorithmDemos" */ = {
			isa = XCConfigurationList;
			buildConfigurations = (
				22BB2DDA24AA91050064948C /* Debug */,
				22BB2DDB24AA91050064948C /* Release */,
			);
			defaultConfigurationIsVisible = 0;
			defaultConfigurationName = Release;
		};
		22BB2DDC24AA91050064948C /* Build configuration list for PBXNativeTarget "AlgorithmDemos" */ = {
			isa = XCConfigurationList;
			buildConfigurations = (
				22BB2DDD24AA91050064948C /* Debug */,
				22BB2DDE24AA91050064948C /* Release */,
			);
			defaultConfigurationIsVisible = 0;
			defaultConfigurationName = Release;
		};
/* End XCConfigurationList section */
	};
	rootObject = 22BB2DC024AA91020064948C /* Project object */;
}
